
Microsoft Visual Studio Solution File, Format Version 12.00
# Visual Studio 15
VisualStudioVersion = 15.0.28307.106
MinimumVisualStudioVersion = 10.0.40219.1
Project("{FAE04EC0-301F-11D3-BF4B-00C04F79EFBC}") = "sms", "sms\sms.csproj", "{4332B105-8E10-440B-9E45-68D9A711875A}"
EndProject
Global
	GlobalSection(SolutionConfigurationPlatforms) = preSolution
		Debug|Any CPU = Debug|Any CPU
		Release|Any CPU = Release|Any CPU
	EndGlobalSection
	GlobalSection(ProjectConfigurationPlatforms) = postSolution
		{4332B105-8E10-440B-9E45-68D9A711875A}.Debug|Any CPU.ActiveCfg = Debug|Any CPU
		{4332B105-8E10-440B-9E45-68D9A711875A}.Debug|Any CPU.Build.0 = Debug|Any CPU
		{4332B105-8E10-440B-9E45-68D9A711875A}.Release|Any CPU.ActiveCfg = Release|Any CPU
		{4332B105-8E10-440B-9E45-68D9A711875A}.Release|Any CPU.Build.0 = Release|Any CPU
	EndGlobalSection
	GlobalSection(SolutionProperties) = preSolution
		HideSolutionNode = FALSE
	EndGlobalSection
	GlobalSection(ExtensibilityGlobals) = postSolution
		SolutionGuid = {2C0B9234-658B-4DF3-9D56-9478D1242DB2}
	EndGlobalSection
EndGlobal
